
Microsoft Visual Studio Solution File, Format Version 12.00
# Visual Studio Version 16
VisualStudioVersion = 16.0.30907.101
MinimumVisualStudioVersion = 10.0.40219.1
Project("{9A19103F-16F7-4668-BE54-9A1E7A4F7556}") = "AMMCrawler", "AMMCrawler\AMMCrawler.csproj", "{ADDA308C-A18C-4F54-927E-8079342B995B}"
EndProject
Project("{9A19103F-16F7-4668-BE54-9A1E7A4F7556}") = "AMMCrawler.Tests", "AMMCrawler.Tests\AMMCrawler.Tests.csproj", "{E7A0E96F-6394-49D8-A56B-4B71E7A4D0F0}"
EndProject
Project("{9A19103F-16F7-4668-BE54-9A1E7A4F7556}") = "AMMCrawler.DAL", "AMMCrawler.DAL\AMMCrawler.DAL.csproj", "{1CDE365E-13BA-4CEB-BDB1-0F4D34FCF95F}"
EndProject
Project("{9A19103F-16F7-4668-BE54-9A1E7A4F7556}") = "AMMCrawler.Core", "AMMCrawler.Core\AMMCrawler.Core.csproj", "{0C25FBA2-E95B-44B7-BA7B-8043F2BC1242}"
EndProject
Project("{9A19103F-16F7-4668-BE54-9A1E7A4F7556}") = "AMMCrawler.ServiceLayer", "AMMCrawler.ServiceLayer\AMMCrawler.ServiceLayer.csproj", "{2C8832F2-4A38-4E5E-AEF2-5B2130C0FA13}"
EndProject
Project("{9A19103F-16F7-4668-BE54-9A1E7A4F7556}") = "AMMCrawler.API", "AMMCrawler.API\AMMCrawler.API.csproj", "{BC5190CD-C0F2-46B8-9D1D-C4DBB126EF17}"
EndProject
Project("{FAE04EC0-301F-11D3-BF4B-00C04F79EFBC}") = "AMMCrawler.Export", "AMMCrawler.Export\AMMCrawler.Export.csproj", "{86B19F38-86F1-48D5-B807-DD7CA5C69FC3}"
EndProject
Global
	GlobalSection(SolutionConfigurationPlatforms) = preSolution
		Debug|Any CPU = Debug|Any CPU
		Release|Any CPU = Release|Any CPU
	EndGlobalSection
	GlobalSection(ProjectConfigurationPlatforms) = postSolution
		{ADDA308C-A18C-4F54-927E-8079342B995B}.Debug|Any CPU.ActiveCfg = Debug|Any CPU
		{ADDA308C-A18C-4F54-927E-8079342B995B}.Debug|Any CPU.Build.0 = Debug|Any CPU
		{ADDA308C-A18C-4F54-927E-8079342B995B}.Release|Any CPU.ActiveCfg = Release|Any CPU
		{ADDA308C-A18C-4F54-927E-8079342B995B}.Release|Any CPU.Build.0 = Release|Any CPU
		{E7A0E96F-6394-49D8-A56B-4B71E7A4D0F0}.Debug|Any CPU.ActiveCfg = Debug|Any CPU
		{E7A0E96F-6394-49D8-A56B-4B71E7A4D0F0}.Debug|Any CPU.Build.0 = Debug|Any CPU
		{E7A0E96F-6394-49D8-A56B-4B71E7A4D0F0}.Release|Any CPU.ActiveCfg = Release|Any CPU
		{E7A0E96F-6394-49D8-A56B-4B71E7A4D0F0}.Release|Any CPU.Build.0 = Release|Any CPU
		{1CDE365E-13BA-4CEB-BDB1-0F4D34FCF95F}.Debug|Any CPU.ActiveCfg = Debug|Any CPU
		{1CDE365E-13BA-4CEB-BDB1-0F4D34FCF95F}.Debug|Any CPU.Build.0 = Debug|Any CPU
		{1CDE365E-13BA-4CEB-BDB1-0F4D34FCF95F}.Release|Any CPU.ActiveCfg = Release|Any CPU
		{1CDE365E-13BA-4CEB-BDB1-0F4D34FCF95F}.Release|Any CPU.Build.0 = Release|Any CPU
		{0C25FBA2-E95B-44B7-BA7B-8043F2BC1242}.Debug|Any CPU.ActiveCfg = Debug|Any CPU
		{0C25FBA2-E95B-44B7-BA7B-8043F2BC1242}.Debug|Any CPU.Build.0 = Debug|Any CPU
		{0C25FBA2-E95B-44B7-BA7B-8043F2BC1242}.Release|Any CPU.ActiveCfg = Release|Any CPU
		{0C25FBA2-E95B-44B7-BA7B-8043F2BC1242}.Release|Any CPU.Build.0 = Release|Any CPU
		{2C8832F2-4A38-4E5E-AEF2-5B2130C0FA13}.Debug|Any CPU.ActiveCfg = Debug|Any CPU
		{2C8832F2-4A38-4E5E-AEF2-5B2130C0FA13}.Debug|Any CPU.Build.0 = Debug|Any CPU
		{2C8832F2-4A38-4E5E-AEF2-5B2130C0FA13}.Release|Any CPU.ActiveCfg = Release|Any CPU
		{2C8832F2-4A38-4E5E-AEF2-5B2130C0FA13}.Release|Any CPU.Build.0 = Release|Any CPU
		{BC5190CD-C0F2-46B8-9D1D-C4DBB126EF17}.Debug|Any CPU.ActiveCfg = Debug|Any CPU
		{BC5190CD-C0F2-46B8-9D1D-C4DBB126EF17}.Debug|Any CPU.Build.0 = Debug|Any CPU
		{BC5190CD-C0F2-46B8-9D1D-C4DBB126EF17}.Release|Any CPU.ActiveCfg = Release|Any CPU
		{BC5190CD-C0F2-46B8-9D1D-C4DBB126EF17}.Release|Any CPU.Build.0 = Release|Any CPU
		{86B19F38-86F1-48D5-B807-DD7CA5C69FC3}.Debug|Any CPU.ActiveCfg = Debug|Any CPU
		{86B19F38-86F1-48D5-B807-DD7CA5C69FC3}.Debug|Any CPU.Build.0 = Debug|Any CPU
		{86B19F38-86F1-48D5-B807-DD7CA5C69FC3}.Release|Any CPU.ActiveCfg = Release|Any CPU
		{86B19F38-86F1-48D5-B807-DD7CA5C69FC3}.Release|Any CPU.Build.0 = Release|Any CPU
	EndGlobalSection
	GlobalSection(SolutionProperties) = preSolution
		HideSolutionNode = FALSE
	EndGlobalSection
	GlobalSection(ExtensibilityGlobals) = postSolution
		SolutionGuid = {AD0E9722-064B-47EA-93A6-BE77D681F17A}
	EndGlobalSection
EndGlobal
