
Microsoft Visual Studio Solution File, Format Version 12.00
# Visual Studio Version 16
VisualStudioVersion = 16.0.30907.101
MinimumVisualStudioVersion = 10.0.40219.1
Project("{FAE04EC0-301F-11D3-BF4B-00C04F79EFBC}") = "AMMCrawler", "AMMCrawler\AMMCrawler.csproj", "{ADDA308C-A18C-4F54-927E-8079342B995B}"
EndProject
Global
	GlobalSection(SolutionConfigurationPlatforms) = preSolution
		Debug|Any CPU = Debug|Any CPU
		Release|Any CPU = Release|Any CPU
	EndGlobalSection
	GlobalSection(ProjectConfigurationPlatforms) = postSolution
		{ADDA308C-A18C-4F54-927E-8079342B995B}.Debug|Any CPU.ActiveCfg = Debug|Any CPU
		{ADDA308C-A18C-4F54-927E-8079342B995B}.Debug|Any CPU.Build.0 = Debug|Any CPU
		{ADDA308C-A18C-4F54-927E-8079342B995B}.Release|Any CPU.ActiveCfg = Release|Any CPU
		{ADDA308C-A18C-4F54-927E-8079342B995B}.Release|Any CPU.Build.0 = Release|Any CPU
	EndGlobalSection
	GlobalSection(SolutionProperties) = preSolution
		HideSolutionNode = FALSE
	EndGlobalSection
	GlobalSection(ExtensibilityGlobals) = postSolution
		SolutionGuid = {AD0E9722-064B-47EA-93A6-BE77D681F17A}
	EndGlobalSection
EndGlobal
